
Microsoft Visual Studio Solution File, Format Version 12.00
# Visual Studio 15
VisualStudioVersion = 15.0.27428.2015
MinimumVisualStudioVersion = 10.0.40219.1
Project("{FAE04EC0-301F-11D3-BF4B-00C04F79EFBC}") = "chess-console", "chess-console\chess-console.csproj", "{227B5182-50DF-42DE-989A-B04635C6AD4A}"
EndProject
Global
	GlobalSection(SolutionConfigurationPlatforms) = preSolution
		Debug|Any CPU = Debug|Any CPU
		Release|Any CPU = Release|Any CPU
	EndGlobalSection
	GlobalSection(ProjectConfigurationPlatforms) = postSolution
		{227B5182-50DF-42DE-989A-B04635C6AD4A}.Debug|Any CPU.ActiveCfg = Debug|Any CPU
		{227B5182-50DF-42DE-989A-B04635C6AD4A}.Debug|Any CPU.Build.0 = Debug|Any CPU
		{227B5182-50DF-42DE-989A-B04635C6AD4A}.Release|Any CPU.ActiveCfg = Release|Any CPU
		{227B5182-50DF-42DE-989A-B04635C6AD4A}.Release|Any CPU.Build.0 = Release|Any CPU
	EndGlobalSection
	GlobalSection(SolutionProperties) = preSolution
		HideSolutionNode = FALSE
	EndGlobalSection
	GlobalSection(ExtensibilityGlobals) = postSolution
		SolutionGuid = {1F4AE8A1-22DA-4EF2-9CBB-1C5A5A2CAE55}
	EndGlobalSection
EndGlobal
